// !$*UTF8*$!
{
	archiveVersion = 1;
	classes = {
	};
	objectVersion = 48;
	objects = {

/* Begin PBXBuildFile section */
		438ACABFC54CB2EFD5A84ACF /* Pods_RedditConisquare.framework in Frameworks */ = {isa = PBXBuildFile; fileRef = 821FF4D612C181064C768910 /* Pods_RedditConisquare.framework */; };
		D83816F4202655BC00F44AF6 /* AppDelegate.swift in Sources */ = {isa = PBXBuildFile; fileRef = D83816F3202655BC00F44AF6 /* AppDelegate.swift */; };
		D83816F6202655BD00F44AF6 /* ViewController.swift in Sources */ = {isa = PBXBuildFile; fileRef = D83816F5202655BD00F44AF6 /* ViewController.swift */; };
		D83816F9202655BD00F44AF6 /* Main.storyboard in Resources */ = {isa = PBXBuildFile; fileRef = D83816F7202655BD00F44AF6 /* Main.storyboard */; };
		D83816FB202655BD00F44AF6 /* Assets.xcassets in Resources */ = {isa = PBXBuildFile; fileRef = D83816FA202655BD00F44AF6 /* Assets.xcassets */; };
		D83816FE202655BD00F44AF6 /* LaunchScreen.storyboard in Resources */ = {isa = PBXBuildFile; fileRef = D83816FC202655BD00F44AF6 /* LaunchScreen.storyboard */; };
		D83817292026571A00F44AF6 /* RedditPost.swift in Sources */ = {isa = PBXBuildFile; fileRef = D83817282026571A00F44AF6 /* RedditPost.swift */; };
		D838172B2026587F00F44AF6 /* RedditAPI.swift in Sources */ = {isa = PBXBuildFile; fileRef = D838172A2026587F00F44AF6 /* RedditAPI.swift */; };
		D86A104B202660DA0065D7A2 /* ErrorTVCell.swift in Sources */ = {isa = PBXBuildFile; fileRef = D86A1049202660DA0065D7A2 /* ErrorTVCell.swift */; };
		D86A104C202660DA0065D7A2 /* ErrorTVCell.xib in Resources */ = {isa = PBXBuildFile; fileRef = D86A104A202660DA0065D7A2 /* ErrorTVCell.xib */; };
/* End PBXBuildFile section */

/* Begin PBXFileReference section */
		566D45AA429BE624110EFB77 /* Pods-RedditConisquare.debug.xcconfig */ = {isa = PBXFileReference; includeInIndex = 1; lastKnownFileType = text.xcconfig; name = "Pods-RedditConisquare.debug.xcconfig"; path = "Pods/Target Support Files/Pods-RedditConisquare/Pods-RedditConisquare.debug.xcconfig"; sourceTree = "<group>"; };
		821FF4D612C181064C768910 /* Pods_RedditConisquare.framework */ = {isa = PBXFileReference; explicitFileType = wrapper.framework; includeInIndex = 0; path = Pods_RedditConisquare.framework; sourceTree = BUILT_PRODUCTS_DIR; };
		D154565CBBCD67CBDAA8CD1E /* Pods-RedditConisquare.release.xcconfig */ = {isa = PBXFileReference; includeInIndex = 1; lastKnownFileType = text.xcconfig; name = "Pods-RedditConisquare.release.xcconfig"; path = "Pods/Target Support Files/Pods-RedditConisquare/Pods-RedditConisquare.release.xcconfig"; sourceTree = "<group>"; };
		D83816F0202655BC00F44AF6 /* RedditConisquare.app */ = {isa = PBXFileReference; explicitFileType = wrapper.application; includeInIndex = 0; path = RedditConisquare.app; sourceTree = BUILT_PRODUCTS_DIR; };
		D83816F3202655BC00F44AF6 /* AppDelegate.swift */ = {isa = PBXFileReference; lastKnownFileType = sourcecode.swift; path = AppDelegate.swift; sourceTree = "<group>"; };
		D83816F5202655BD00F44AF6 /* ViewController.swift */ = {isa = PBXFileReference; lastKnownFileType = sourcecode.swift; path = ViewController.swift; sourceTree = "<group>"; };
		D83816F8202655BD00F44AF6 /* Base */ = {isa = PBXFileReference; lastKnownFileType = file.storyboard; name = Base; path = Base.lproj/Main.storyboard; sourceTree = "<group>"; };
		D83816FA202655BD00F44AF6 /* Assets.xcassets */ = {isa = PBXFileReference; lastKnownFileType = folder.assetcatalog; path = Assets.xcassets; sourceTree = "<group>"; };
		D83816FD202655BD00F44AF6 /* Base */ = {isa = PBXFileReference; lastKnownFileType = file.storyboard; name = Base; path = Base.lproj/LaunchScreen.storyboard; sourceTree = "<group>"; };
		D83816FF202655BD00F44AF6 /* Info.plist */ = {isa = PBXFileReference; lastKnownFileType = text.plist.xml; path = Info.plist; sourceTree = "<group>"; };
		D83817282026571A00F44AF6 /* RedditPost.swift */ = {isa = PBXFileReference; lastKnownFileType = sourcecode.swift; path = RedditPost.swift; sourceTree = "<group>"; };
		D838172A2026587F00F44AF6 /* RedditAPI.swift */ = {isa = PBXFileReference; lastKnownFileType = sourcecode.swift; path = RedditAPI.swift; sourceTree = "<group>"; };
		D86A1049202660DA0065D7A2 /* ErrorTVCell.swift */ = {isa = PBXFileReference; lastKnownFileType = sourcecode.swift; path = ErrorTVCell.swift; sourceTree = "<group>"; };
		D86A104A202660DA0065D7A2 /* ErrorTVCell.xib */ = {isa = PBXFileReference; lastKnownFileType = file.xib; path = ErrorTVCell.xib; sourceTree = "<group>"; };
/* End PBXFileReference section */

/* Begin PBXFrameworksBuildPhase section */
		D83816ED202655BC00F44AF6 /* Frameworks */ = {
			isa = PBXFrameworksBuildPhase;
			buildActionMask = 2147483647;
			files = (
				438ACABFC54CB2EFD5A84ACF /* Pods_RedditConisquare.framework in Frameworks */,
			);
			runOnlyForDeploymentPostprocessing = 0;
		};
/* End PBXFrameworksBuildPhase section */

/* Begin PBXGroup section */
		3FC0B5608CD59EC50D25F3A5 /* Pods */ = {
			isa = PBXGroup;
			children = (
				566D45AA429BE624110EFB77 /* Pods-RedditConisquare.debug.xcconfig */,
				D154565CBBCD67CBDAA8CD1E /* Pods-RedditConisquare.release.xcconfig */,
			);
			name = Pods;
			sourceTree = "<group>";
		};
		6AD88E11C607A2FBDE011D2F /* Frameworks */ = {
			isa = PBXGroup;
			children = (
				821FF4D612C181064C768910 /* Pods_RedditConisquare.framework */,
			);
			name = Frameworks;
			sourceTree = "<group>";
		};
		D83816E7202655BC00F44AF6 = {
			isa = PBXGroup;
			children = (
				D83816F2202655BC00F44AF6 /* RedditConisquare */,
				D83816F1202655BC00F44AF6 /* Products */,
				3FC0B5608CD59EC50D25F3A5 /* Pods */,
				6AD88E11C607A2FBDE011D2F /* Frameworks */,
			);
			sourceTree = "<group>";
		};
		D83816F1202655BC00F44AF6 /* Products */ = {
			isa = PBXGroup;
			children = (
				D83816F0202655BC00F44AF6 /* RedditConisquare.app */,
			);
			name = Products;
			sourceTree = "<group>";
		};
		D83816F2202655BC00F44AF6 /* RedditConisquare */ = {
			isa = PBXGroup;
			children = (
				D8381724202656D300F44AF6 /* Views */,
				D8381727202656FB00F44AF6 /* API */,
				D83817212026565F00F44AF6 /* Model */,
				D8381723202656B000F44AF6 /* Design */,
				D83817222026566700F44AF6 /* Resources */,
			);
			path = RedditConisquare;
			sourceTree = "<group>";
		};
		D83817212026565F00F44AF6 /* Model */ = {
			isa = PBXGroup;
			children = (
				D83817282026571A00F44AF6 /* RedditPost.swift */,
			);
			path = Model;
			sourceTree = "<group>";
		};
		D83817222026566700F44AF6 /* Resources */ = {
			isa = PBXGroup;
			children = (
				D83816F3202655BC00F44AF6 /* AppDelegate.swift */,
				D83816FC202655BD00F44AF6 /* LaunchScreen.storyboard */,
				D83816FF202655BD00F44AF6 /* Info.plist */,
			);
			path = Resources;
			sourceTree = "<group>";
		};
		D8381723202656B000F44AF6 /* Design */ = {
			isa = PBXGroup;
			children = (
				D83816FA202655BD00F44AF6 /* Assets.xcassets */,
			);
			path = Design;
			sourceTree = "<group>";
		};
		D8381724202656D300F44AF6 /* Views */ = {
			isa = PBXGroup;
			children = (
				D8381725202656DB00F44AF6 /* ViewControllers */,
			);
			path = Views;
			sourceTree = "<group>";
		};
		D8381725202656DB00F44AF6 /* ViewControllers */ = {
			isa = PBXGroup;
			children = (
				D8381726202656E100F44AF6 /* Main */,
			);
			path = ViewControllers;
			sourceTree = "<group>";
		};
		D8381726202656E100F44AF6 /* Main */ = {
			isa = PBXGroup;
			children = (
				D83816F5202655BD00F44AF6 /* ViewController.swift */,
				D83816F7202655BD00F44AF6 /* Main.storyboard */,
				D86A1049202660DA0065D7A2 /* ErrorTVCell.swift */,
				D86A104A202660DA0065D7A2 /* ErrorTVCell.xib */,
			);
			path = Main;
			sourceTree = "<group>";
		};
		D8381727202656FB00F44AF6 /* API */ = {
			isa = PBXGroup;
			children = (
				D838172A2026587F00F44AF6 /* RedditAPI.swift */,
			);
			path = API;
			sourceTree = "<group>";
		};
/* End PBXGroup section */

/* Begin PBXNativeTarget section */
		D83816EF202655BC00F44AF6 /* RedditConisquare */ = {
			isa = PBXNativeTarget;
			buildConfigurationList = D8381718202655BD00F44AF6 /* Build configuration list for PBXNativeTarget "RedditConisquare" */;
			buildPhases = (
				1ECC782D67A559A7FB0A2B50 /* [CP] Check Pods Manifest.lock */,
				D83816EC202655BC00F44AF6 /* Sources */,
				D83816ED202655BC00F44AF6 /* Frameworks */,
				D83816EE202655BC00F44AF6 /* Resources */,
				8505F78B2F0FA643910889FB /* [CP] Embed Pods Frameworks */,
				6176FEF707151017257D308F /* [CP] Copy Pods Resources */,
			);
			buildRules = (
			);
			dependencies = (
			);
			name = RedditConisquare;
			productName = RedditConisquare;
			productReference = D83816F0202655BC00F44AF6 /* RedditConisquare.app */;
			productType = "com.apple.product-type.application";
		};
/* End PBXNativeTarget section */

/* Begin PBXProject section */
		D83816E8202655BC00F44AF6 /* Project object */ = {
			isa = PBXProject;
			attributes = {
				LastSwiftUpdateCheck = 0920;
				LastUpgradeCheck = 0920;
				ORGANIZATIONNAME = YG;
				TargetAttributes = {
					D83816EF202655BC00F44AF6 = {
						CreatedOnToolsVersion = 9.2;
						ProvisioningStyle = Automatic;
					};
				};
			};
			buildConfigurationList = D83816EB202655BC00F44AF6 /* Build configuration list for PBXProject "RedditConisquare" */;
			compatibilityVersion = "Xcode 8.0";
			developmentRegion = en;
			hasScannedForEncodings = 0;
			knownRegions = (
				en,
				Base,
			);
			mainGroup = D83816E7202655BC00F44AF6;
			productRefGroup = D83816F1202655BC00F44AF6 /* Products */;
			projectDirPath = "";
			projectRoot = "";
			targets = (
				D83816EF202655BC00F44AF6 /* RedditConisquare */,
			);
		};
/* End PBXProject section */

/* Begin PBXResourcesBuildPhase section */
		D83816EE202655BC00F44AF6 /* Resources */ = {
			isa = PBXResourcesBuildPhase;
			buildActionMask = 2147483647;
			files = (
				D86A104C202660DA0065D7A2 /* ErrorTVCell.xib in Resources */,
				D83816FE202655BD00F44AF6 /* LaunchScreen.storyboard in Resources */,
				D83816FB202655BD00F44AF6 /* Assets.xcassets in Resources */,
				D83816F9202655BD00F44AF6 /* Main.storyboard in Resources */,
			);
			runOnlyForDeploymentPostprocessing = 0;
		};
/* End PBXResourcesBuildPhase section */

/* Begin PBXShellScriptBuildPhase section */
		1ECC782D67A559A7FB0A2B50 /* [CP] Check Pods Manifest.lock */ = {
			isa = PBXShellScriptBuildPhase;
			buildActionMask = 2147483647;
			files = (
			);
			inputPaths = (
				"${PODS_PODFILE_DIR_PATH}/Podfile.lock",
				"${PODS_ROOT}/Manifest.lock",
			);
			name = "[CP] Check Pods Manifest.lock";
			outputPaths = (
				"$(DERIVED_FILE_DIR)/Pods-RedditConisquare-checkManifestLockResult.txt",
			);
			runOnlyForDeploymentPostprocessing = 0;
			shellPath = /bin/sh;
			shellScript = "diff \"${PODS_PODFILE_DIR_PATH}/Podfile.lock\" \"${PODS_ROOT}/Manifest.lock\" > /dev/null\nif [ $? != 0 ] ; then\n    # print error to STDERR\n    echo \"error: The sandbox is not in sync with the Podfile.lock. Run 'pod install' or update your CocoaPods installation.\" >&2\n    exit 1\nfi\n# This output is used by Xcode 'outputs' to avoid re-running this script phase.\necho \"SUCCESS\" > \"${SCRIPT_OUTPUT_FILE_0}\"\n";
			showEnvVarsInLog = 0;
		};
		6176FEF707151017257D308F /* [CP] Copy Pods Resources */ = {
			isa = PBXShellScriptBuildPhase;
			buildActionMask = 2147483647;
			files = (
			);
			inputPaths = (
			);
			name = "[CP] Copy Pods Resources";
			outputPaths = (
			);
			runOnlyForDeploymentPostprocessing = 0;
			shellPath = /bin/sh;
			shellScript = "\"${SRCROOT}/Pods/Target Support Files/Pods-RedditConisquare/Pods-RedditConisquare-resources.sh\"\n";
			showEnvVarsInLog = 0;
		};
		8505F78B2F0FA643910889FB /* [CP] Embed Pods Frameworks */ = {
			isa = PBXShellScriptBuildPhase;
			buildActionMask = 2147483647;
			files = (
			);
			inputPaths = (
				"${SRCROOT}/Pods/Target Support Files/Pods-RedditConisquare/Pods-RedditConisquare-frameworks.sh",
				"${BUILT_PRODUCTS_DIR}/Alamofire/Alamofire.framework",
			);
			name = "[CP] Embed Pods Frameworks";
			outputPaths = (
				"${TARGET_BUILD_DIR}/${FRAMEWORKS_FOLDER_PATH}/Alamofire.framework",
			);
			runOnlyForDeploymentPostprocessing = 0;
			shellPath = /bin/sh;
			shellScript = "\"${SRCROOT}/Pods/Target Support Files/Pods-RedditConisquare/Pods-RedditConisquare-frameworks.sh\"\n";
			showEnvVarsInLog = 0;
		};
/* End PBXShellScriptBuildPhase section */

/* Begin PBXSourcesBuildPhase section */
		D83816EC202655BC00F44AF6 /* Sources */ = {
			isa = PBXSourcesBuildPhase;
			buildActionMask = 2147483647;
			files = (
				D838172B2026587F00F44AF6 /* RedditAPI.swift in Sources */,
				D83816F6202655BD00F44AF6 /* ViewController.swift in Sources */,
				D83816F4202655BC00F44AF6 /* AppDelegate.swift in Sources */,
				D86A104B202660DA0065D7A2 /* ErrorTVCell.swift in Sources */,
				D83817292026571A00F44AF6 /* RedditPost.swift in Sources */,
			);
			runOnlyForDeploymentPostprocessing = 0;
		};
/* End PBXSourcesBuildPhase section */

/* Begin PBXVariantGroup section */
		D83816F7202655BD00F44AF6 /* Main.storyboard */ = {
			isa = PBXVariantGroup;
			children = (
				D83816F8202655BD00F44AF6 /* Base */,
			);
			name = Main.storyboard;
			sourceTree = "<group>";
		};
		D83816FC202655BD00F44AF6 /* LaunchScreen.storyboard */ = {
			isa = PBXVariantGroup;
			children = (
				D83816FD202655BD00F44AF6 /* Base */,
			);
			name = LaunchScreen.storyboard;
			sourceTree = "<group>";
		};
/* End PBXVariantGroup section */

/* Begin XCBuildConfiguration section */
		D8381716202655BD00F44AF6 /* Debug */ = {
			isa = XCBuildConfiguration;
			buildSettings = {
				ALWAYS_SEARCH_USER_PATHS = NO;
				CLANG_ANALYZER_NONNULL = YES;
				CLANG_ANALYZER_NUMBER_OBJECT_CONVERSION = YES_AGGRESSIVE;
				CLANG_CXX_LANGUAGE_STANDARD = "gnu++14";
				CLANG_CXX_LIBRARY = "libc++";
				CLANG_ENABLE_MODULES = YES;
				CLANG_ENABLE_OBJC_ARC = YES;
				CLANG_WARN_BLOCK_CAPTURE_AUTORELEASING = YES;
				CLANG_WARN_BOOL_CONVERSION = YES;
				CLANG_WARN_COMMA = YES;
				CLANG_WARN_CONSTANT_CONVERSION = YES;
				CLANG_WARN_DIRECT_OBJC_ISA_USAGE = YES_ERROR;
				CLANG_WARN_DOCUMENTATION_COMMENTS = YES;
				CLANG_WARN_EMPTY_BODY = YES;
				CLANG_WARN_ENUM_CONVERSION = YES;
				CLANG_WARN_INFINITE_RECURSION = YES;
				CLANG_WARN_INT_CONVERSION = YES;
				CLANG_WARN_NON_LITERAL_NULL_CONVERSION = YES;
				CLANG_WARN_OBJC_LITERAL_CONVERSION = YES;
				CLANG_WARN_OBJC_ROOT_CLASS = YES_ERROR;
				CLANG_WARN_RANGE_LOOP_ANALYSIS = YES;
				CLANG_WARN_STRICT_PROTOTYPES = YES;
				CLANG_WARN_SUSPICIOUS_MOVE = YES;
				CLANG_WARN_UNGUARDED_AVAILABILITY = YES_AGGRESSIVE;
				CLANG_WARN_UNREACHABLE_CODE = YES;
				CLANG_WARN__DUPLICATE_METHOD_MATCH = YES;
				CODE_SIGN_IDENTITY = "iPhone Developer";
				COPY_PHASE_STRIP = NO;
				DEBUG_INFORMATION_FORMAT = dwarf;
				ENABLE_STRICT_OBJC_MSGSEND = YES;
				ENABLE_TESTABILITY = YES;
				GCC_C_LANGUAGE_STANDARD = gnu11;
				GCC_DYNAMIC_NO_PIC = NO;
				GCC_NO_COMMON_BLOCKS = YES;
				GCC_OPTIMIZATION_LEVEL = 0;
				GCC_PREPROCESSOR_DEFINITIONS = (
					"DEBUG=1",
					"$(inherited)",
				);
				GCC_WARN_64_TO_32_BIT_CONVERSION = YES;
				GCC_WARN_ABOUT_RETURN_TYPE = YES_ERROR;
				GCC_WARN_UNDECLARED_SELECTOR = YES;
				GCC_WARN_UNINITIALIZED_AUTOS = YES_AGGRESSIVE;
				GCC_WARN_UNUSED_FUNCTION = YES;
				GCC_WARN_UNUSED_VARIABLE = YES;
				IPHONEOS_DEPLOYMENT_TARGET = 11.2;
				MTL_ENABLE_DEBUG_INFO = YES;
				ONLY_ACTIVE_ARCH = YES;
				SDKROOT = iphoneos;
				SWIFT_ACTIVE_COMPILATION_CONDITIONS = DEBUG;
				SWIFT_OPTIMIZATION_LEVEL = "-Onone";
			};
			name = Debug;
		};
		D8381717202655BD00F44AF6 /* Release */ = {
			isa = XCBuildConfiguration;
			buildSettings = {
				ALWAYS_SEARCH_USER_PATHS = NO;
				CLANG_ANALYZER_NONNULL = YES;
				CLANG_ANALYZER_NUMBER_OBJECT_CONVERSION = YES_AGGRESSIVE;
				CLANG_CXX_LANGUAGE_STANDARD = "gnu++14";
				CLANG_CXX_LIBRARY = "libc++";
				CLANG_ENABLE_MODULES = YES;
				CLANG_ENABLE_OBJC_ARC = YES;
				CLANG_WARN_BLOCK_CAPTURE_AUTORELEASING = YES;
				CLANG_WARN_BOOL_CONVERSION = YES;
				CLANG_WARN_COMMA = YES;
				CLANG_WARN_CONSTANT_CONVERSION = YES;
				CLANG_WARN_DIRECT_OBJC_ISA_USAGE = YES_ERROR;
				CLANG_WARN_DOCUMENTATION_COMMENTS = YES;
				CLANG_WARN_EMPTY_BODY = YES;
				CLANG_WARN_ENUM_CONVERSION = YES;
				CLANG_WARN_INFINITE_RECURSION = YES;
				CLANG_WARN_INT_CONVERSION = YES;
				CLANG_WARN_NON_LITERAL_NULL_CONVERSION = YES;
				CLANG_WARN_OBJC_LITERAL_CONVERSION = YES;
				CLANG_WARN_OBJC_ROOT_CLASS = YES_ERROR;
				CLANG_WARN_RANGE_LOOP_ANALYSIS = YES;
				CLANG_WARN_STRICT_PROTOTYPES = YES;
				CLANG_WARN_SUSPICIOUS_MOVE = YES;
				CLANG_WARN_UNGUARDED_AVAILABILITY = YES_AGGRESSIVE;
				CLANG_WARN_UNREACHABLE_CODE = YES;
				CLANG_WARN__DUPLICATE_METHOD_MATCH = YES;
				CODE_SIGN_IDENTITY = "iPhone Developer";
				COPY_PHASE_STRIP = NO;
				DEBUG_INFORMATION_FORMAT = "dwarf-with-dsym";
				ENABLE_NS_ASSERTIONS = NO;
				ENABLE_STRICT_OBJC_MSGSEND = YES;
				GCC_C_LANGUAGE_STANDARD = gnu11;
				GCC_NO_COMMON_BLOCKS = YES;
				GCC_WARN_64_TO_32_BIT_CONVERSION = YES;
				GCC_WARN_ABOUT_RETURN_TYPE = YES_ERROR;
				GCC_WARN_UNDECLARED_SELECTOR = YES;
				GCC_WARN_UNINITIALIZED_AUTOS = YES_AGGRESSIVE;
				GCC_WARN_UNUSED_FUNCTION = YES;
				GCC_WARN_UNUSED_VARIABLE = YES;
				IPHONEOS_DEPLOYMENT_TARGET = 11.2;
				MTL_ENABLE_DEBUG_INFO = NO;
				SDKROOT = iphoneos;
				SWIFT_OPTIMIZATION_LEVEL = "-Owholemodule";
				VALIDATE_PRODUCT = YES;
			};
			name = Release;
		};
		D8381719202655BD00F44AF6 /* Debug */ = {
			isa = XCBuildConfiguration;
			baseConfigurationReference = 566D45AA429BE624110EFB77 /* Pods-RedditConisquare.debug.xcconfig */;
			buildSettings = {
				ASSETCATALOG_COMPILER_APPICON_NAME = AppIcon;
				CODE_SIGN_STYLE = Automatic;
				DEVELOPMENT_TEAM = T24Q8828P2;
				INFOPLIST_FILE = "$(SRCROOT)/RedditConisquare/Resources/Info.plist";
				LD_RUNPATH_SEARCH_PATHS = "$(inherited) @executable_path/Frameworks";
				PRODUCT_BUNDLE_IDENTIFIER = com.girilishena.yaroslava.RedditConisquare;
				PRODUCT_NAME = "$(TARGET_NAME)";
				SWIFT_VERSION = 4.0;
				TARGETED_DEVICE_FAMILY = "1,2";
			};
			name = Debug;
		};
		D838171A202655BD00F44AF6 /* Release */ = {
			isa = XCBuildConfiguration;
			baseConfigurationReference = D154565CBBCD67CBDAA8CD1E /* Pods-RedditConisquare.release.xcconfig */;
			buildSettings = {
				ASSETCATALOG_COMPILER_APPICON_NAME = AppIcon;
				CODE_SIGN_STYLE = Automatic;
				DEVELOPMENT_TEAM = T24Q8828P2;
				INFOPLIST_FILE = "$(SRCROOT)/RedditConisquare/Resources/Info.plist";
				LD_RUNPATH_SEARCH_PATHS = "$(inherited) @executable_path/Frameworks";
				PRODUCT_BUNDLE_IDENTIFIER = com.girilishena.yaroslava.RedditConisquare;
				PRODUCT_NAME = "$(TARGET_NAME)";
				SWIFT_VERSION = 4.0;
				TARGETED_DEVICE_FAMILY = "1,2";
			};
			name = Release;
		};
/* End XCBuildConfiguration section */

/* Begin XCConfigurationList section */
		D83816EB202655BC00F44AF6 /* Build configuration list for PBXProject "RedditConisquare" */ = {
			isa = XCConfigurationList;
			buildConfigurations = (
				D8381716202655BD00F44AF6 /* Debug */,
				D8381717202655BD00F44AF6 /* Release */,
			);
			defaultConfigurationIsVisible = 0;
			defaultConfigurationName = Release;
		};
		D8381718202655BD00F44AF6 /* Build configuration list for PBXNativeTarget "RedditConisquare" */ = {
			isa = XCConfigurationList;
			buildConfigurations = (
				D8381719202655BD00F44AF6 /* Debug */,
				D838171A202655BD00F44AF6 /* Release */,
			);
			defaultConfigurationIsVisible = 0;
			defaultConfigurationName = Release;
		};
/* End XCConfigurationList section */
	};
	rootObject = D83816E8202655BC00F44AF6 /* Project object */;
}
